// !$*UTF8*$!
{
	archiveVersion = 1;
	classes = {
	};
	objectVersion = 48;
	objects = {

/* Begin PBXBuildFile section */
		C016A6C0201FB22600AFA240 /* AppDelegate.swift in Sources */ = {isa = PBXBuildFile; fileRef = C016A6BF201FB22600AFA240 /* AppDelegate.swift */; };
		C016A6C2201FB22600AFA240 /* ViewController.swift in Sources */ = {isa = PBXBuildFile; fileRef = C016A6C1201FB22600AFA240 /* ViewController.swift */; };
		C016A6C5201FB22700AFA240 /* Main.storyboard in Resources */ = {isa = PBXBuildFile; fileRef = C016A6C3201FB22700AFA240 /* Main.storyboard */; };
		C016A6C7201FB22700AFA240 /* Assets.xcassets in Resources */ = {isa = PBXBuildFile; fileRef = C016A6C6201FB22700AFA240 /* Assets.xcassets */; };
		C016A6CA201FB22700AFA240 /* LaunchScreen.storyboard in Resources */ = {isa = PBXBuildFile; fileRef = C016A6C8201FB22700AFA240 /* LaunchScreen.storyboard */; };
		C016A6D5201FB22B00AFA240 /* followmapsUITests.swift in Sources */ = {isa = PBXBuildFile; fileRef = C016A6D4201FB22B00AFA240 /* followmapsUITests.swift */; };
/* End PBXBuildFile section */

/* Begin PBXContainerItemProxy section */
		C016A6D1201FB22B00AFA240 /* PBXContainerItemProxy */ = {
			isa = PBXContainerItemProxy;
			containerPortal = C016A6B4201FB22500AFA240 /* Project object */;
			proxyType = 1;
			remoteGlobalIDString = C016A6BB201FB22600AFA240;
			remoteInfo = followmaps;
		};
/* End PBXContainerItemProxy section */

/* Begin PBXFileReference section */
		C016A6BC201FB22600AFA240 /* followmaps.app */ = {isa = PBXFileReference; explicitFileType = wrapper.application; includeInIndex = 0; path = followmaps.app; sourceTree = BUILT_PRODUCTS_DIR; };
		C016A6BF201FB22600AFA240 /* AppDelegate.swift */ = {isa = PBXFileReference; lastKnownFileType = sourcecode.swift; path = AppDelegate.swift; sourceTree = "<group>"; };
		C016A6C1201FB22600AFA240 /* ViewController.swift */ = {isa = PBXFileReference; lastKnownFileType = sourcecode.swift; path = ViewController.swift; sourceTree = "<group>"; };
		C016A6C4201FB22700AFA240 /* Base */ = {isa = PBXFileReference; lastKnownFileType = file.storyboard; name = Base; path = Base.lproj/Main.storyboard; sourceTree = "<group>"; };
		C016A6C6201FB22700AFA240 /* Assets.xcassets */ = {isa = PBXFileReference; lastKnownFileType = folder.assetcatalog; path = Assets.xcassets; sourceTree = "<group>"; };
		C016A6C9201FB22700AFA240 /* Base */ = {isa = PBXFileReference; lastKnownFileType = file.storyboard; name = Base; path = Base.lproj/LaunchScreen.storyboard; sourceTree = "<group>"; };
		C016A6CB201FB22700AFA240 /* Info.plist */ = {isa = PBXFileReference; lastKnownFileType = text.plist.xml; path = Info.plist; sourceTree = "<group>"; };
		C016A6D0201FB22B00AFA240 /* followmapsUITests.xctest */ = {isa = PBXFileReference; explicitFileType = wrapper.cfbundle; includeInIndex = 0; path = followmapsUITests.xctest; sourceTree = BUILT_PRODUCTS_DIR; };
		C016A6D4201FB22B00AFA240 /* followmapsUITests.swift */ = {isa = PBXFileReference; lastKnownFileType = sourcecode.swift; path = followmapsUITests.swift; sourceTree = "<group>"; };
		C016A6D6201FB22B00AFA240 /* Info.plist */ = {isa = PBXFileReference; lastKnownFileType = text.plist.xml; path = Info.plist; sourceTree = "<group>"; };
/* End PBXFileReference section */

/* Begin PBXFrameworksBuildPhase section */
		C016A6B9201FB22600AFA240 /* Frameworks */ = {
			isa = PBXFrameworksBuildPhase;
			buildActionMask = 2147483647;
			files = (
			);
			runOnlyForDeploymentPostprocessing = 0;
		};
		C016A6CD201FB22B00AFA240 /* Frameworks */ = {
			isa = PBXFrameworksBuildPhase;
			buildActionMask = 2147483647;
			files = (
			);
			runOnlyForDeploymentPostprocessing = 0;
		};
/* End PBXFrameworksBuildPhase section */

/* Begin PBXGroup section */
		C016A6B3201FB22500AFA240 = {
			isa = PBXGroup;
			children = (
				C016A6BE201FB22600AFA240 /* followmaps */,
				C016A6D3201FB22B00AFA240 /* followmapsUITests */,
				C016A6BD201FB22600AFA240 /* Products */,
			);
			sourceTree = "<group>";
		};
		C016A6BD201FB22600AFA240 /* Products */ = {
			isa = PBXGroup;
			children = (
				C016A6BC201FB22600AFA240 /* followmaps.app */,
				C016A6D0201FB22B00AFA240 /* followmapsUITests.xctest */,
			);
			name = Products;
			sourceTree = "<group>";
		};
		C016A6BE201FB22600AFA240 /* followmaps */ = {
			isa = PBXGroup;
			children = (
				C016A6BF201FB22600AFA240 /* AppDelegate.swift */,
				C016A6C1201FB22600AFA240 /* ViewController.swift */,
				C016A6C3201FB22700AFA240 /* Main.storyboard */,
				C016A6C6201FB22700AFA240 /* Assets.xcassets */,
				C016A6C8201FB22700AFA240 /* LaunchScreen.storyboard */,
				C016A6CB201FB22700AFA240 /* Info.plist */,
			);
			path = followmaps;
			sourceTree = "<group>";
		};
		C016A6D3201FB22B00AFA240 /* followmapsUITests */ = {
			isa = PBXGroup;
			children = (
				C016A6D4201FB22B00AFA240 /* followmapsUITests.swift */,
				C016A6D6201FB22B00AFA240 /* Info.plist */,
			);
			path = followmapsUITests;
			sourceTree = "<group>";
		};
/* End PBXGroup section */

/* Begin PBXNativeTarget section */
		C016A6BB201FB22600AFA240 /* followmaps */ = {
			isa = PBXNativeTarget;
			buildConfigurationList = C016A6D9201FB22B00AFA240 /* Build configuration list for PBXNativeTarget "followmaps" */;
			buildPhases = (
				C016A6B8201FB22600AFA240 /* Sources */,
				C016A6B9201FB22600AFA240 /* Frameworks */,
				C016A6BA201FB22600AFA240 /* Resources */,
			);
			buildRules = (
			);
			dependencies = (
			);
			name = followmaps;
			productName = followmaps;
			productReference = C016A6BC201FB22600AFA240 /* followmaps.app */;
			productType = "com.apple.product-type.application";
		};
		C016A6CF201FB22B00AFA240 /* followmapsUITests */ = {
			isa = PBXNativeTarget;
			buildConfigurationList = C016A6DC201FB22B00AFA240 /* Build configuration list for PBXNativeTarget "followmapsUITests" */;
			buildPhases = (
				C016A6CC201FB22B00AFA240 /* Sources */,
				C016A6CD201FB22B00AFA240 /* Frameworks */,
				C016A6CE201FB22B00AFA240 /* Resources */,
			);
			buildRules = (
			);
			dependencies = (
				C016A6D2201FB22B00AFA240 /* PBXTargetDependency */,
			);
			name = followmapsUITests;
			productName = followmapsUITests;
			productReference = C016A6D0201FB22B00AFA240 /* followmapsUITests.xctest */;
			productType = "com.apple.product-type.bundle.ui-testing";
		};
/* End PBXNativeTarget section */

/* Begin PBXProject section */
		C016A6B4201FB22500AFA240 /* Project object */ = {
			isa = PBXProject;
			attributes = {
				LastSwiftUpdateCheck = 0920;
				LastUpgradeCheck = 0920;
				ORGANIZATIONNAME = venkatagovardhan;
				TargetAttributes = {
					C016A6BB201FB22600AFA240 = {
						CreatedOnToolsVersion = 9.2;
						ProvisioningStyle = Automatic;
					};
					C016A6CF201FB22B00AFA240 = {
						CreatedOnToolsVersion = 9.2;
						ProvisioningStyle = Automatic;
						TestTargetID = C016A6BB201FB22600AFA240;
					};
				};
			};
			buildConfigurationList = C016A6B7201FB22500AFA240 /* Build configuration list for PBXProject "followmaps" */;
			compatibilityVersion = "Xcode 8.0";
			developmentRegion = en;
			hasScannedForEncodings = 0;
			knownRegions = (
				en,
				Base,
			);
			mainGroup = C016A6B3201FB22500AFA240;
			productRefGroup = C016A6BD201FB22600AFA240 /* Products */;
			projectDirPath = "";
			projectRoot = "";
			targets = (
				C016A6BB201FB22600AFA240 /* followmaps */,
				C016A6CF201FB22B00AFA240 /* followmapsUITests */,
			);
		};
/* End PBXProject section */

/* Begin PBXResourcesBuildPhase section */
		C016A6BA201FB22600AFA240 /* Resources */ = {
			isa = PBXResourcesBuildPhase;
			buildActionMask = 2147483647;
			files = (
				C016A6CA201FB22700AFA240 /* LaunchScreen.storyboard in Resources */,
				C016A6C7201FB22700AFA240 /* Assets.xcassets in Resources */,
				C016A6C5201FB22700AFA240 /* Main.storyboard in Resources */,
			);
			runOnlyForDeploymentPostprocessing = 0;
		};
		C016A6CE201FB22B00AFA240 /* Resources */ = {
			isa = PBXResourcesBuildPhase;
			buildActionMask = 2147483647;
			files = (
			);
			runOnlyForDeploymentPostprocessing = 0;
		};
/* End PBXResourcesBuildPhase section */

/* Begin PBXSourcesBuildPhase section */
		C016A6B8201FB22600AFA240 /* Sources */ = {
			isa = PBXSourcesBuildPhase;
			buildActionMask = 2147483647;
			files = (
				C016A6C2201FB22600AFA240 /* ViewController.swift in Sources */,
				C016A6C0201FB22600AFA240 /* AppDelegate.swift in Sources */,
			);
			runOnlyForDeploymentPostprocessing = 0;
		};
		C016A6CC201FB22B00AFA240 /* Sources */ = {
			isa = PBXSourcesBuildPhase;
			buildActionMask = 2147483647;
			files = (
				C016A6D5201FB22B00AFA240 /* followmapsUITests.swift in Sources */,
			);
			runOnlyForDeploymentPostprocessing = 0;
		};
/* End PBXSourcesBuildPhase section */

/* Begin PBXTargetDependency section */
		C016A6D2201FB22B00AFA240 /* PBXTargetDependency */ = {
			isa = PBXTargetDependency;
			target = C016A6BB201FB22600AFA240 /* followmaps */;
			targetProxy = C016A6D1201FB22B00AFA240 /* PBXContainerItemProxy */;
		};
/* End PBXTargetDependency section */

/* Begin PBXVariantGroup section */
		C016A6C3201FB22700AFA240 /* Main.storyboard */ = {
			isa = PBXVariantGroup;
			children = (
				C016A6C4201FB22700AFA240 /* Base */,
			);
			name = Main.storyboard;
			sourceTree = "<group>";
		};
		C016A6C8201FB22700AFA240 /* LaunchScreen.storyboard */ = {
			isa = PBXVariantGroup;
			children = (
				C016A6C9201FB22700AFA240 /* Base */,
			);
			name = LaunchScreen.storyboard;
			sourceTree = "<group>";
		};
/* End PBXVariantGroup section */

/* Begin XCBuildConfiguration section */
		C016A6D7201FB22B00AFA240 /* Debug */ = {
			isa = XCBuildConfiguration;
			buildSettings = {
				ALWAYS_SEARCH_USER_PATHS = NO;
				CLANG_ANALYZER_NONNULL = YES;
				CLANG_ANALYZER_NUMBER_OBJECT_CONVERSION = YES_AGGRESSIVE;
				CLANG_CXX_LANGUAGE_STANDARD = "gnu++14";
				CLANG_CXX_LIBRARY = "libc++";
				CLANG_ENABLE_MODULES = YES;
				CLANG_ENABLE_OBJC_ARC = YES;
				CLANG_WARN_BLOCK_CAPTURE_AUTORELEASING = YES;
				CLANG_WARN_BOOL_CONVERSION = YES;
				CLANG_WARN_COMMA = YES;
				CLANG_WARN_CONSTANT_CONVERSION = YES;
				CLANG_WARN_DIRECT_OBJC_ISA_USAGE = YES_ERROR;
				CLANG_WARN_DOCUMENTATION_COMMENTS = YES;
				CLANG_WARN_EMPTY_BODY = YES;
				CLANG_WARN_ENUM_CONVERSION = YES;
				CLANG_WARN_INFINITE_RECURSION = YES;
				CLANG_WARN_INT_CONVERSION = YES;
				CLANG_WARN_NON_LITERAL_NULL_CONVERSION = YES;
				CLANG_WARN_OBJC_LITERAL_CONVERSION = YES;
				CLANG_WARN_OBJC_ROOT_CLASS = YES_ERROR;
				CLANG_WARN_RANGE_LOOP_ANALYSIS = YES;
				CLANG_WARN_STRICT_PROTOTYPES = YES;
				CLANG_WARN_SUSPICIOUS_MOVE = YES;
				CLANG_WARN_UNGUARDED_AVAILABILITY = YES_AGGRESSIVE;
				CLANG_WARN_UNREACHABLE_CODE = YES;
				CLANG_WARN__DUPLICATE_METHOD_MATCH = YES;
				CODE_SIGN_IDENTITY = "iPhone Developer";
				COPY_PHASE_STRIP = NO;
				DEBUG_INFORMATION_FORMAT = dwarf;
				ENABLE_STRICT_OBJC_MSGSEND = YES;
				ENABLE_TESTABILITY = YES;
				GCC_C_LANGUAGE_STANDARD = gnu11;
				GCC_DYNAMIC_NO_PIC = NO;
				GCC_NO_COMMON_BLOCKS = YES;
				GCC_OPTIMIZATION_LEVEL = 0;
				GCC_PREPROCESSOR_DEFINITIONS = (
					"DEBUG=1",
					"$(inherited)",
				);
				GCC_WARN_64_TO_32_BIT_CONVERSION = YES;
				GCC_WARN_ABOUT_RETURN_TYPE = YES_ERROR;
				GCC_WARN_UNDECLARED_SELECTOR = YES;
				GCC_WARN_UNINITIALIZED_AUTOS = YES_AGGRESSIVE;
				GCC_WARN_UNUSED_FUNCTION = YES;
				GCC_WARN_UNUSED_VARIABLE = YES;
				IPHONEOS_DEPLOYMENT_TARGET = 11.2;
				MTL_ENABLE_DEBUG_INFO = YES;
				ONLY_ACTIVE_ARCH = YES;
				SDKROOT = iphoneos;
				SWIFT_ACTIVE_COMPILATION_CONDITIONS = DEBUG;
				SWIFT_OPTIMIZATION_LEVEL = "-Onone";
			};
			name = Debug;
		};
		C016A6D8201FB22B00AFA240 /* Release */ = {
			isa = XCBuildConfiguration;
			buildSettings = {
				ALWAYS_SEARCH_USER_PATHS = NO;
				CLANG_ANALYZER_NONNULL = YES;
				CLANG_ANALYZER_NUMBER_OBJECT_CONVERSION = YES_AGGRESSIVE;
				CLANG_CXX_LANGUAGE_STANDARD = "gnu++14";
				CLANG_CXX_LIBRARY = "libc++";
				CLANG_ENABLE_MODULES = YES;
				CLANG_ENABLE_OBJC_ARC = YES;
				CLANG_WARN_BLOCK_CAPTURE_AUTORELEASING = YES;
				CLANG_WARN_BOOL_CONVERSION = YES;
				CLANG_WARN_COMMA = YES;
				CLANG_WARN_CONSTANT_CONVERSION = YES;
				CLANG_WARN_DIRECT_OBJC_ISA_USAGE = YES_ERROR;
				CLANG_WARN_DOCUMENTATION_COMMENTS = YES;
				CLANG_WARN_EMPTY_BODY = YES;
				CLANG_WARN_ENUM_CONVERSION = YES;
				CLANG_WARN_INFINITE_RECURSION = YES;
				CLANG_WARN_INT_CONVERSION = YES;
				CLANG_WARN_NON_LITERAL_NULL_CONVERSION = YES;
				CLANG_WARN_OBJC_LITERAL_CONVERSION = YES;
				CLANG_WARN_OBJC_ROOT_CLASS = YES_ERROR;
				CLANG_WARN_RANGE_LOOP_ANALYSIS = YES;
				CLANG_WARN_STRICT_PROTOTYPES = YES;
				CLANG_WARN_SUSPICIOUS_MOVE = YES;
				CLANG_WARN_UNGUARDED_AVAILABILITY = YES_AGGRESSIVE;
				CLANG_WARN_UNREACHABLE_CODE = YES;
				CLANG_WARN__DUPLICATE_METHOD_MATCH = YES;
				CODE_SIGN_IDENTITY = "iPhone Developer";
				COPY_PHASE_STRIP = NO;
				DEBUG_INFORMATION_FORMAT = "dwarf-with-dsym";
				ENABLE_NS_ASSERTIONS = NO;
				ENABLE_STRICT_OBJC_MSGSEND = YES;
				GCC_C_LANGUAGE_STANDARD = gnu11;
				GCC_NO_COMMON_BLOCKS = YES;
				GCC_WARN_64_TO_32_BIT_CONVERSION = YES;
				GCC_WARN_ABOUT_RETURN_TYPE = YES_ERROR;
				GCC_WARN_UNDECLARED_SELECTOR = YES;
				GCC_WARN_UNINITIALIZED_AUTOS = YES_AGGRESSIVE;
				GCC_WARN_UNUSED_FUNCTION = YES;
				GCC_WARN_UNUSED_VARIABLE = YES;
				IPHONEOS_DEPLOYMENT_TARGET = 11.2;
				MTL_ENABLE_DEBUG_INFO = NO;
				SDKROOT = iphoneos;
				SWIFT_OPTIMIZATION_LEVEL = "-Owholemodule";
				VALIDATE_PRODUCT = YES;
			};
			name = Release;
		};
		C016A6DA201FB22B00AFA240 /* Debug */ = {
			isa = XCBuildConfiguration;
			buildSettings = {
				ASSETCATALOG_COMPILER_APPICON_NAME = AppIcon;
				CODE_SIGN_STYLE = Automatic;
				DEVELOPMENT_TEAM = STC4XW93GM;
				INFOPLIST_FILE = followmaps/Info.plist;
				LD_RUNPATH_SEARCH_PATHS = "$(inherited) @executable_path/Frameworks";
				PRODUCT_BUNDLE_IDENTIFIER = com.venkatagovardhan.followmaps;
				PRODUCT_NAME = "$(TARGET_NAME)";
				SWIFT_VERSION = 4.0;
				TARGETED_DEVICE_FAMILY = "1,2";
			};
			name = Debug;
		};
		C016A6DB201FB22B00AFA240 /* Release */ = {
			isa = XCBuildConfiguration;
			buildSettings = {
				ASSETCATALOG_COMPILER_APPICON_NAME = AppIcon;
				CODE_SIGN_STYLE = Automatic;
				DEVELOPMENT_TEAM = STC4XW93GM;
				INFOPLIST_FILE = followmaps/Info.plist;
				LD_RUNPATH_SEARCH_PATHS = "$(inherited) @executable_path/Frameworks";
				PRODUCT_BUNDLE_IDENTIFIER = com.venkatagovardhan.followmaps;
				PRODUCT_NAME = "$(TARGET_NAME)";
				SWIFT_VERSION = 4.0;
				TARGETED_DEVICE_FAMILY = "1,2";
			};
			name = Release;
		};
		C016A6DD201FB22B00AFA240 /* Debug */ = {
			isa = XCBuildConfiguration;
			buildSettings = {
				ALWAYS_EMBED_SWIFT_STANDARD_LIBRARIES = YES;
				CODE_SIGN_STYLE = Automatic;
				DEVELOPMENT_TEAM = STC4XW93GM;
				INFOPLIST_FILE = followmapsUITests/Info.plist;
				LD_RUNPATH_SEARCH_PATHS = "$(inherited) @executable_path/Frameworks @loader_path/Frameworks";
				PRODUCT_BUNDLE_IDENTIFIER = com.venkatagovardhan.followmapsUITests;
				PRODUCT_NAME = "$(TARGET_NAME)";
				SWIFT_VERSION = 4.0;
				TARGETED_DEVICE_FAMILY = "1,2";
				TEST_TARGET_NAME = followmaps;
			};
			name = Debug;
		};
		C016A6DE201FB22B00AFA240 /* Release */ = {
			isa = XCBuildConfiguration;
			buildSettings = {
				ALWAYS_EMBED_SWIFT_STANDARD_LIBRARIES = YES;
				CODE_SIGN_STYLE = Automatic;
				DEVELOPMENT_TEAM = STC4XW93GM;
				INFOPLIST_FILE = followmapsUITests/Info.plist;
				LD_RUNPATH_SEARCH_PATHS = "$(inherited) @executable_path/Frameworks @loader_path/Frameworks";
				PRODUCT_BUNDLE_IDENTIFIER = com.venkatagovardhan.followmapsUITests;
				PRODUCT_NAME = "$(TARGET_NAME)";
				SWIFT_VERSION = 4.0;
				TARGETED_DEVICE_FAMILY = "1,2";
				TEST_TARGET_NAME = followmaps;
			};
			name = Release;
		};
/* End XCBuildConfiguration section */

/* Begin XCConfigurationList section */
		C016A6B7201FB22500AFA240 /* Build configuration list for PBXProject "followmaps" */ = {
			isa = XCConfigurationList;
			buildConfigurations = (
				C016A6D7201FB22B00AFA240 /* Debug */,
				C016A6D8201FB22B00AFA240 /* Release */,
			);
			defaultConfigurationIsVisible = 0;
			defaultConfigurationName = Release;
		};
		C016A6D9201FB22B00AFA240 /* Build configuration list for PBXNativeTarget "followmaps" */ = {
			isa = XCConfigurationList;
			buildConfigurations = (
				C016A6DA201FB22B00AFA240 /* Debug */,
				C016A6DB201FB22B00AFA240 /* Release */,
			);
			defaultConfigurationIsVisible = 0;
			defaultConfigurationName = Release;
		};
		C016A6DC201FB22B00AFA240 /* Build configuration list for PBXNativeTarget "followmapsUITests" */ = {
			isa = XCConfigurationList;
			buildConfigurations = (
				C016A6DD201FB22B00AFA240 /* Debug */,
				C016A6DE201FB22B00AFA240 /* Release */,
			);
			defaultConfigurationIsVisible = 0;
			defaultConfigurationName = Release;
		};
/* End XCConfigurationList section */
	};
	rootObject = C016A6B4201FB22500AFA240 /* Project object */;
}
